
Microsoft Visual Studio Solution File, Format Version 12.00
# Visual Studio Version 17
VisualStudioVersion = 17.8.34330.188
MinimumVisualStudioVersion = 10.0.40219.1
Project("{FAE04EC0-301F-11D3-BF4B-00C04F79EFBC}") = "ContactApp", "ContactApp\ContactApp.csproj", "{309C3057-4DB4-4516-8AB8-C6A90459B824}"
EndProject
Project("{FAE04EC0-301F-11D3-BF4B-00C04F79EFBC}") = "Shared", "Shared\Shared.csproj", "{D9EA3ED1-E492-49C1-B4D7-AC87B8602F8A}"
EndProject
Global
	GlobalSection(SolutionConfigurationPlatforms) = preSolution
		Debug|Any CPU = Debug|Any CPU
		Release|Any CPU = Release|Any CPU
	EndGlobalSection
	GlobalSection(ProjectConfigurationPlatforms) = postSolution
		{309C3057-4DB4-4516-8AB8-C6A90459B824}.Debug|Any CPU.ActiveCfg = Debug|Any CPU
		{309C3057-4DB4-4516-8AB8-C6A90459B824}.Debug|Any CPU.Build.0 = Debug|Any CPU
		{309C3057-4DB4-4516-8AB8-C6A90459B824}.Debug|Any CPU.Deploy.0 = Debug|Any CPU
		{309C3057-4DB4-4516-8AB8-C6A90459B824}.Release|Any CPU.ActiveCfg = Release|Any CPU
		{309C3057-4DB4-4516-8AB8-C6A90459B824}.Release|Any CPU.Build.0 = Release|Any CPU
		{309C3057-4DB4-4516-8AB8-C6A90459B824}.Release|Any CPU.Deploy.0 = Release|Any CPU
		{D9EA3ED1-E492-49C1-B4D7-AC87B8602F8A}.Debug|Any CPU.ActiveCfg = Debug|Any CPU
		{D9EA3ED1-E492-49C1-B4D7-AC87B8602F8A}.Debug|Any CPU.Build.0 = Debug|Any CPU
		{D9EA3ED1-E492-49C1-B4D7-AC87B8602F8A}.Release|Any CPU.ActiveCfg = Release|Any CPU
		{D9EA3ED1-E492-49C1-B4D7-AC87B8602F8A}.Release|Any CPU.Build.0 = Release|Any CPU
	EndGlobalSection
	GlobalSection(SolutionProperties) = preSolution
		HideSolutionNode = FALSE
	EndGlobalSection
	GlobalSection(ExtensibilityGlobals) = postSolution
		SolutionGuid = {FCDDB138-C1F3-4A98-B51A-03AE340F0D10}
	EndGlobalSection
EndGlobal
